dependencies:
- name: postgresql
  repository: https://kubernetes-charts.storage.googleapis.com
  version: 8.1.3
- name: redis
  repository: https://kubernetes-charts.storage.googleapis.com
  version: 8.0.1
digest: sha256:bfaba76a26392ef52121e476830fd30b64b9c6b2074ddb587d4cb4987536eafc
generated: "2020-01-18T00:13:20.067095+01:00"
